// !$*UTF8*$!
{
	archiveVersion = 1;
	classes = {
	};
	objectVersion = 56;
	objects = {

/* Begin PBXBuildFile section */
		DD2F7C222B9DFB6B00F5701D /* ContactsListViewModel.swift in Sources */ = {isa = PBXBuildFile; fileRef = DD2F7C212B9DFB6B00F5701D /* ContactsListViewModel.swift */; };
		DD2F7C262B9E29B400F5701D /* RoomsListViewModel.swift in Sources */ = {isa = PBXBuildFile; fileRef = DD2F7C252B9E29B400F5701D /* RoomsListViewModel.swift */; };
		DD2F7C292B9EDD8D00F5701D /* Extensions.swift in Sources */ = {isa = PBXBuildFile; fileRef = DD2F7C282B9EDD8D00F5701D /* Extensions.swift */; };
		DD2F85762B9EF58600F5701D /* ProfileImageView.swift in Sources */ = {isa = PBXBuildFile; fileRef = DD2F85752B9EF58600F5701D /* ProfileImageView.swift */; };
		DD2F857B2B9F0F8000F5701D /* PeopleView.swift in Sources */ = {isa = PBXBuildFile; fileRef = DD2F857A2B9F0F8000F5701D /* PeopleView.swift */; };
		DD2F857D2B9F0F8D00F5701D /* RoomsView.swift in Sources */ = {isa = PBXBuildFile; fileRef = DD2F857C2B9F0F8D00F5701D /* RoomsView.swift */; };
		DD2F857F2B9F11F700F5701D /* PersonDetailsView.swift in Sources */ = {isa = PBXBuildFile; fileRef = DD2F857E2B9F11F700F5701D /* PersonDetailsView.swift */; };
		DD2F85832B9F416700F5701D /* ImageProvider.swift in Sources */ = {isa = PBXBuildFile; fileRef = DD2F85822B9F416700F5701D /* ImageProvider.swift */; };
		DD3FE58F2B9A0E9F007CA9DA /* VMMarkTaskApp.swift in Sources */ = {isa = PBXBuildFile; fileRef = DD3FE58E2B9A0E9F007CA9DA /* VMMarkTaskApp.swift */; };
		DD3FE5912B9A0E9F007CA9DA /* ContentView.swift in Sources */ = {isa = PBXBuildFile; fileRef = DD3FE5902B9A0E9F007CA9DA /* ContentView.swift */; };
		DD3FE5932B9A0EA1007CA9DA /* Assets.xcassets in Resources */ = {isa = PBXBuildFile; fileRef = DD3FE5922B9A0EA1007CA9DA /* Assets.xcassets */; };
		DD3FE5962B9A0EA1007CA9DA /* Preview Assets.xcassets in Resources */ = {isa = PBXBuildFile; fileRef = DD3FE5952B9A0EA1007CA9DA /* Preview Assets.xcassets */; };
		DD3FE5982B9A0EA1007CA9DA /* Persistence.swift in Sources */ = {isa = PBXBuildFile; fileRef = DD3FE5972B9A0EA1007CA9DA /* Persistence.swift */; };
		DD3FE59B2B9A0EA1007CA9DA /* VMMarkTask.xcdatamodeld in Sources */ = {isa = PBXBuildFile; fileRef = DD3FE5992B9A0EA1007CA9DA /* VMMarkTask.xcdatamodeld */; };
		DD3FE5A52B9A0EA1007CA9DA /* VMMarkTaskTests.swift in Sources */ = {isa = PBXBuildFile; fileRef = DD3FE5A42B9A0EA1007CA9DA /* VMMarkTaskTests.swift */; };
		DD3FE5AF2B9A0EA1007CA9DA /* VMMarkTaskUITests.swift in Sources */ = {isa = PBXBuildFile; fileRef = DD3FE5AE2B9A0EA1007CA9DA /* VMMarkTaskUITests.swift */; };
		DD3FE5B12B9A0EA1007CA9DA /* VMMarkTaskUITestsLaunchTests.swift in Sources */ = {isa = PBXBuildFile; fileRef = DD3FE5B02B9A0EA1007CA9DA /* VMMarkTaskUITestsLaunchTests.swift */; };
		DD3FE5C02B9A0F02007CA9DA /* People.swift in Sources */ = {isa = PBXBuildFile; fileRef = DD3FE5BF2B9A0F02007CA9DA /* People.swift */; };
		DD3FE5C32B9A0F2C007CA9DA /* Room.swift in Sources */ = {isa = PBXBuildFile; fileRef = DD3FE5C22B9A0F2C007CA9DA /* Room.swift */; };
		DD3FE5C92B9A11A7007CA9DA /* Constants.swift in Sources */ = {isa = PBXBuildFile; fileRef = DD3FE5C82B9A11A7007CA9DA /* Constants.swift */; };
		DD3FE5CB2B9A11D9007CA9DA /* APIEndPoint.swift in Sources */ = {isa = PBXBuildFile; fileRef = DD3FE5CA2B9A11D9007CA9DA /* APIEndPoint.swift */; };
		DD3FE5CD2B9A129C007CA9DA /* NetworkDataService.swift in Sources */ = {isa = PBXBuildFile; fileRef = DD3FE5CC2B9A129C007CA9DA /* NetworkDataService.swift */; };
		DDB23AE32BA08165004F75D0 /* ImageCache.swift in Sources */ = {isa = PBXBuildFile; fileRef = DDB23AE22BA08165004F75D0 /* ImageCache.swift */; };
		DDB23AE52BA08A13004F75D0 /* ErrorHandler.swift in Sources */ = {isa = PBXBuildFile; fileRef = DDB23AE42BA08A13004F75D0 /* ErrorHandler.swift */; };
		DDB23AE92BA09C29004F75D0 /* ProgressLoader.swift in Sources */ = {isa = PBXBuildFile; fileRef = DDB23AE82BA09C29004F75D0 /* ProgressLoader.swift */; };
		DDB23AEB2BA09FBC004F75D0 /* AlertView.swift in Sources */ = {isa = PBXBuildFile; fileRef = DDB23AEA2BA09FBC004F75D0 /* AlertView.swift */; };
		DDB23AF12BA0B1A4004F75D0 /* CircularView.swift in Sources */ = {isa = PBXBuildFile; fileRef = DDB23AF02BA0B1A4004F75D0 /* CircularView.swift */; };
/* End PBXBuildFile section */

/* Begin PBXContainerItemProxy section */
		DD3FE5A12B9A0EA1007CA9DA /* PBXContainerItemProxy */ = {
			isa = PBXContainerItemProxy;
			containerPortal = DD3FE5832B9A0E9F007CA9DA /* Project object */;
			proxyType = 1;
			remoteGlobalIDString = DD3FE58A2B9A0E9F007CA9DA;
			remoteInfo = VMMarkTask;
		};
		DD3FE5AB2B9A0EA1007CA9DA /* PBXContainerItemProxy */ = {
			isa = PBXContainerItemProxy;
			containerPortal = DD3FE5832B9A0E9F007CA9DA /* Project object */;
			proxyType = 1;
			remoteGlobalIDString = DD3FE58A2B9A0E9F007CA9DA;
			remoteInfo = VMMarkTask;
		};
/* End PBXContainerItemProxy section */

/* Begin PBXFileReference section */
		DD2F7C212B9DFB6B00F5701D /* ContactsListViewModel.swift */ = {isa = PBXFileReference; lastKnownFileType = sourcecode.swift; path = ContactsListViewModel.swift; sourceTree = "<group>"; };
		DD2F7C252B9E29B400F5701D /* RoomsListViewModel.swift */ = {isa = PBXFileReference; lastKnownFileType = sourcecode.swift; path = RoomsListViewModel.swift; sourceTree = "<group>"; };
		DD2F7C282B9EDD8D00F5701D /* Extensions.swift */ = {isa = PBXFileReference; lastKnownFileType = sourcecode.swift; path = Extensions.swift; sourceTree = "<group>"; };
		DD2F85752B9EF58600F5701D /* ProfileImageView.swift */ = {isa = PBXFileReference; lastKnownFileType = sourcecode.swift; path = ProfileImageView.swift; sourceTree = "<group>"; };
		DD2F857A2B9F0F8000F5701D /* PeopleView.swift */ = {isa = PBXFileReference; lastKnownFileType = sourcecode.swift; path = PeopleView.swift; sourceTree = "<group>"; };
		DD2F857C2B9F0F8D00F5701D /* RoomsView.swift */ = {isa = PBXFileReference; lastKnownFileType = sourcecode.swift; path = RoomsView.swift; sourceTree = "<group>"; };
		DD2F857E2B9F11F700F5701D /* PersonDetailsView.swift */ = {isa = PBXFileReference; lastKnownFileType = sourcecode.swift; path = PersonDetailsView.swift; sourceTree = "<group>"; };
		DD2F85822B9F416700F5701D /* ImageProvider.swift */ = {isa = PBXFileReference; lastKnownFileType = sourcecode.swift; path = ImageProvider.swift; sourceTree = "<group>"; };
		DD3FE58B2B9A0E9F007CA9DA /* VMMarkTask.app */ = {isa = PBXFileReference; explicitFileType = wrapper.application; includeInIndex = 0; path = VMMarkTask.app; sourceTree = BUILT_PRODUCTS_DIR; };
		DD3FE58E2B9A0E9F007CA9DA /* VMMarkTaskApp.swift */ = {isa = PBXFileReference; lastKnownFileType = sourcecode.swift; path = VMMarkTaskApp.swift; sourceTree = "<group>"; };
		DD3FE5902B9A0E9F007CA9DA /* ContentView.swift */ = {isa = PBXFileReference; lastKnownFileType = sourcecode.swift; path = ContentView.swift; sourceTree = "<group>"; };
		DD3FE5922B9A0EA1007CA9DA /* Assets.xcassets */ = {isa = PBXFileReference; lastKnownFileType = folder.assetcatalog; path = Assets.xcassets; sourceTree = "<group>"; };
		DD3FE5952B9A0EA1007CA9DA /* Preview Assets.xcassets */ = {isa = PBXFileReference; lastKnownFileType = folder.assetcatalog; path = "Preview Assets.xcassets"; sourceTree = "<group>"; };
		DD3FE5972B9A0EA1007CA9DA /* Persistence.swift */ = {isa = PBXFileReference; lastKnownFileType = sourcecode.swift; path = Persistence.swift; sourceTree = "<group>"; };
		DD3FE59A2B9A0EA1007CA9DA /* VMMarkTask.xcdatamodel */ = {isa = PBXFileReference; lastKnownFileType = wrapper.xcdatamodel; path = VMMarkTask.xcdatamodel; sourceTree = "<group>"; };
		DD3FE5A02B9A0EA1007CA9DA /* VMMarkTaskTests.xctest */ = {isa = PBXFileReference; explicitFileType = wrapper.cfbundle; includeInIndex = 0; path = VMMarkTaskTests.xctest; sourceTree = BUILT_PRODUCTS_DIR; };
		DD3FE5A42B9A0EA1007CA9DA /* VMMarkTaskTests.swift */ = {isa = PBXFileReference; lastKnownFileType = sourcecode.swift; path = VMMarkTaskTests.swift; sourceTree = "<group>"; };
		DD3FE5AA2B9A0EA1007CA9DA /* VMMarkTaskUITests.xctest */ = {isa = PBXFileReference; explicitFileType = wrapper.cfbundle; includeInIndex = 0; path = VMMarkTaskUITests.xctest; sourceTree = BUILT_PRODUCTS_DIR; };
		DD3FE5AE2B9A0EA1007CA9DA /* VMMarkTaskUITests.swift */ = {isa = PBXFileReference; lastKnownFileType = sourcecode.swift; path = VMMarkTaskUITests.swift; sourceTree = "<group>"; };
		DD3FE5B02B9A0EA1007CA9DA /* VMMarkTaskUITestsLaunchTests.swift */ = {isa = PBXFileReference; lastKnownFileType = sourcecode.swift; path = VMMarkTaskUITestsLaunchTests.swift; sourceTree = "<group>"; };
		DD3FE5BF2B9A0F02007CA9DA /* People.swift */ = {isa = PBXFileReference; lastKnownFileType = sourcecode.swift; path = People.swift; sourceTree = "<group>"; };
		DD3FE5C22B9A0F2C007CA9DA /* Room.swift */ = {isa = PBXFileReference; lastKnownFileType = sourcecode.swift; path = Room.swift; sourceTree = "<group>"; };
		DD3FE5C82B9A11A7007CA9DA /* Constants.swift */ = {isa = PBXFileReference; lastKnownFileType = sourcecode.swift; path = Constants.swift; sourceTree = "<group>"; };
		DD3FE5CA2B9A11D9007CA9DA /* APIEndPoint.swift */ = {isa = PBXFileReference; lastKnownFileType = sourcecode.swift; path = APIEndPoint.swift; sourceTree = "<group>"; };
		DD3FE5CC2B9A129C007CA9DA /* NetworkDataService.swift */ = {isa = PBXFileReference; lastKnownFileType = sourcecode.swift; path = NetworkDataService.swift; sourceTree = "<group>"; };
		DDB23AE22BA08165004F75D0 /* ImageCache.swift */ = {isa = PBXFileReference; lastKnownFileType = sourcecode.swift; path = ImageCache.swift; sourceTree = "<group>"; };
		DDB23AE42BA08A13004F75D0 /* ErrorHandler.swift */ = {isa = PBXFileReference; lastKnownFileType = sourcecode.swift; path = ErrorHandler.swift; sourceTree = "<group>"; };
		DDB23AE82BA09C29004F75D0 /* ProgressLoader.swift */ = {isa = PBXFileReference; lastKnownFileType = sourcecode.swift; path = ProgressLoader.swift; sourceTree = "<group>"; };
		DDB23AEA2BA09FBC004F75D0 /* AlertView.swift */ = {isa = PBXFileReference; lastKnownFileType = sourcecode.swift; path = AlertView.swift; sourceTree = "<group>"; };
		DDB23AF02BA0B1A4004F75D0 /* CircularView.swift */ = {isa = PBXFileReference; lastKnownFileType = sourcecode.swift; path = CircularView.swift; sourceTree = "<group>"; };
/* End PBXFileReference section */

/* Begin PBXFrameworksBuildPhase section */
		DD3FE5882B9A0E9F007CA9DA /* Frameworks */ = {
			isa = PBXFrameworksBuildPhase;
			buildActionMask = 2147483647;
			files = (
			);
			runOnlyForDeploymentPostprocessing = 0;
		};
		DD3FE59D2B9A0EA1007CA9DA /* Frameworks */ = {
			isa = PBXFrameworksBuildPhase;
			buildActionMask = 2147483647;
			files = (
			);
			runOnlyForDeploymentPostprocessing = 0;
		};
		DD3FE5A72B9A0EA1007CA9DA /* Frameworks */ = {
			isa = PBXFrameworksBuildPhase;
			buildActionMask = 2147483647;
			files = (
			);
			runOnlyForDeploymentPostprocessing = 0;
		};
/* End PBXFrameworksBuildPhase section */

/* Begin PBXGroup section */
		DD2F7C272B9EDD7A00F5701D /* Utility */ = {
			isa = PBXGroup;
			children = (
				DD2F7C282B9EDD8D00F5701D /* Extensions.swift */,
				DD2F85822B9F416700F5701D /* ImageProvider.swift */,
				DDB23AE82BA09C29004F75D0 /* ProgressLoader.swift */,
			);
			path = Utility;
			sourceTree = "<group>";
		};
		DD3FE5822B9A0E9F007CA9DA = {
			isa = PBXGroup;
			children = (
				DD3FE58D2B9A0E9F007CA9DA /* VMMarkTask */,
				DD3FE5A32B9A0EA1007CA9DA /* VMMarkTaskTests */,
				DD3FE5AD2B9A0EA1007CA9DA /* VMMarkTaskUITests */,
				DD3FE58C2B9A0E9F007CA9DA /* Products */,
			);
			sourceTree = "<group>";
		};
		DD3FE58C2B9A0E9F007CA9DA /* Products */ = {
			isa = PBXGroup;
			children = (
				DD3FE58B2B9A0E9F007CA9DA /* VMMarkTask.app */,
				DD3FE5A02B9A0EA1007CA9DA /* VMMarkTaskTests.xctest */,
				DD3FE5AA2B9A0EA1007CA9DA /* VMMarkTaskUITests.xctest */,
			);
			name = Products;
			sourceTree = "<group>";
		};
		DD3FE58D2B9A0E9F007CA9DA /* VMMarkTask */ = {
			isa = PBXGroup;
			children = (
				DDB23AEE2BA0B08E004F75D0 /* PersonDetails */,
				DDB23AED2BA0B05F004F75D0 /* RoomsList */,
				DDB23AEC2BA0B023004F75D0 /* PeopleList */,
				DDB23AE12BA0814C004F75D0 /* Helpers */,
				DD2F7C272B9EDD7A00F5701D /* Utility */,
				DD3FE5C72B9A1199007CA9DA /* Contants */,
				DD3FE5C62B9A0F7B007CA9DA /* DataService */,
				DD3FE5C52B9A0F58007CA9DA /* View */,
				DD3FE58E2B9A0E9F007CA9DA /* VMMarkTaskApp.swift */,
				DD3FE5922B9A0EA1007CA9DA /* Assets.xcassets */,
				DD3FE5972B9A0EA1007CA9DA /* Persistence.swift */,
				DD3FE5992B9A0EA1007CA9DA /* VMMarkTask.xcdatamodeld */,
				DD3FE5942B9A0EA1007CA9DA /* Preview Content */,
			);
			path = VMMarkTask;
			sourceTree = "<group>";
		};
		DD3FE5942B9A0EA1007CA9DA /* Preview Content */ = {
			isa = PBXGroup;
			children = (
				DD3FE5952B9A0EA1007CA9DA /* Preview Assets.xcassets */,
			);
			path = "Preview Content";
			sourceTree = "<group>";
		};
		DD3FE5A32B9A0EA1007CA9DA /* VMMarkTaskTests */ = {
			isa = PBXGroup;
			children = (
				DD3FE5A42B9A0EA1007CA9DA /* VMMarkTaskTests.swift */,
			);
			path = VMMarkTaskTests;
			sourceTree = "<group>";
		};
		DD3FE5AD2B9A0EA1007CA9DA /* VMMarkTaskUITests */ = {
			isa = PBXGroup;
			children = (
				DD3FE5AE2B9A0EA1007CA9DA /* VMMarkTaskUITests.swift */,
				DD3FE5B02B9A0EA1007CA9DA /* VMMarkTaskUITestsLaunchTests.swift */,
			);
			path = VMMarkTaskUITests;
			sourceTree = "<group>";
		};
		DD3FE5C52B9A0F58007CA9DA /* View */ = {
			isa = PBXGroup;
			children = (
				DDB23AEF2BA0B0BE004F75D0 /* SubViews */,
				DD3FE5902B9A0E9F007CA9DA /* ContentView.swift */,
			);
			path = View;
			sourceTree = "<group>";
		};
		DD3FE5C62B9A0F7B007CA9DA /* DataService */ = {
			isa = PBXGroup;
			children = (
				DD3FE5CC2B9A129C007CA9DA /* NetworkDataService.swift */,
			);
			path = DataService;
			sourceTree = "<group>";
		};
		DD3FE5C72B9A1199007CA9DA /* Contants */ = {
			isa = PBXGroup;
			children = (
				DD3FE5C82B9A11A7007CA9DA /* Constants.swift */,
				DD3FE5CA2B9A11D9007CA9DA /* APIEndPoint.swift */,
			);
			path = Contants;
			sourceTree = "<group>";
		};
		DDB23AE12BA0814C004F75D0 /* Helpers */ = {
			isa = PBXGroup;
			children = (
				DDB23AE22BA08165004F75D0 /* ImageCache.swift */,
				DDB23AE42BA08A13004F75D0 /* ErrorHandler.swift */,
			);
			path = Helpers;
			sourceTree = "<group>";
		};
		DDB23AEC2BA0B023004F75D0 /* PeopleList */ = {
			isa = PBXGroup;
			children = (
				DD2F857A2B9F0F8000F5701D /* PeopleView.swift */,
				DD2F7C212B9DFB6B00F5701D /* ContactsListViewModel.swift */,
				DD3FE5BF2B9A0F02007CA9DA /* People.swift */,
			);
			path = PeopleList;
			sourceTree = "<group>";
		};
		DDB23AED2BA0B05F004F75D0 /* RoomsList */ = {
			isa = PBXGroup;
			children = (
				DD3FE5C22B9A0F2C007CA9DA /* Room.swift */,
				DD2F857C2B9F0F8D00F5701D /* RoomsView.swift */,
				DD2F7C252B9E29B400F5701D /* RoomsListViewModel.swift */,
			);
			path = RoomsList;
			sourceTree = "<group>";
		};
		DDB23AEE2BA0B08E004F75D0 /* PersonDetails */ = {
			isa = PBXGroup;
			children = (
				DD2F857E2B9F11F700F5701D /* PersonDetailsView.swift */,
			);
			path = PersonDetails;
			sourceTree = "<group>";
		};
		DDB23AEF2BA0B0BE004F75D0 /* SubViews */ = {
			isa = PBXGroup;
			children = (
				DD2F85752B9EF58600F5701D /* ProfileImageView.swift */,
				DDB23AEA2BA09FBC004F75D0 /* AlertView.swift */,
				DDB23AF02BA0B1A4004F75D0 /* CircularView.swift */,
			);
			path = SubViews;
			sourceTree = "<group>";
		};
/* End PBXGroup section */

/* Begin PBXNativeTarget section */
		DD3FE58A2B9A0E9F007CA9DA /* VMMarkTask */ = {
			isa = PBXNativeTarget;
			buildConfigurationList = DD3FE5B42B9A0EA1007CA9DA /* Build configuration list for PBXNativeTarget "VMMarkTask" */;
			buildPhases = (
				DD3FE5872B9A0E9F007CA9DA /* Sources */,
				DD3FE5882B9A0E9F007CA9DA /* Frameworks */,
				DD3FE5892B9A0E9F007CA9DA /* Resources */,
			);
			buildRules = (
			);
			dependencies = (
			);
			name = VMMarkTask;
			productName = VMMarkTask;
			productReference = DD3FE58B2B9A0E9F007CA9DA /* VMMarkTask.app */;
			productType = "com.apple.product-type.application";
		};
		DD3FE59F2B9A0EA1007CA9DA /* VMMarkTaskTests */ = {
			isa = PBXNativeTarget;
			buildConfigurationList = DD3FE5B72B9A0EA1007CA9DA /* Build configuration list for PBXNativeTarget "VMMarkTaskTests" */;
			buildPhases = (
				DD3FE59C2B9A0EA1007CA9DA /* Sources */,
				DD3FE59D2B9A0EA1007CA9DA /* Frameworks */,
				DD3FE59E2B9A0EA1007CA9DA /* Resources */,
			);
			buildRules = (
			);
			dependencies = (
				DD3FE5A22B9A0EA1007CA9DA /* PBXTargetDependency */,
			);
			name = VMMarkTaskTests;
			productName = VMMarkTaskTests;
			productReference = DD3FE5A02B9A0EA1007CA9DA /* VMMarkTaskTests.xctest */;
			productType = "com.apple.product-type.bundle.unit-test";
		};
		DD3FE5A92B9A0EA1007CA9DA /* VMMarkTaskUITests */ = {
			isa = PBXNativeTarget;
			buildConfigurationList = DD3FE5BA2B9A0EA1007CA9DA /* Build configuration list for PBXNativeTarget "VMMarkTaskUITests" */;
			buildPhases = (
				DD3FE5A62B9A0EA1007CA9DA /* Sources */,
				DD3FE5A72B9A0EA1007CA9DA /* Frameworks */,
				DD3FE5A82B9A0EA1007CA9DA /* Resources */,
			);
			buildRules = (
			);
			dependencies = (
				DD3FE5AC2B9A0EA1007CA9DA /* PBXTargetDependency */,
			);
			name = VMMarkTaskUITests;
			productName = VMMarkTaskUITests;
			productReference = DD3FE5AA2B9A0EA1007CA9DA /* VMMarkTaskUITests.xctest */;
			productType = "com.apple.product-type.bundle.ui-testing";
		};
/* End PBXNativeTarget section */

/* Begin PBXProject section */
		DD3FE5832B9A0E9F007CA9DA /* Project object */ = {
			isa = PBXProject;
			attributes = {
				BuildIndependentTargetsInParallel = 1;
				LastSwiftUpdateCheck = 1500;
				LastUpgradeCheck = 1500;
				TargetAttributes = {
					DD3FE58A2B9A0E9F007CA9DA = {
						CreatedOnToolsVersion = 15.0.1;
					};
					DD3FE59F2B9A0EA1007CA9DA = {
						CreatedOnToolsVersion = 15.0.1;
						TestTargetID = DD3FE58A2B9A0E9F007CA9DA;
					};
					DD3FE5A92B9A0EA1007CA9DA = {
						CreatedOnToolsVersion = 15.0.1;
						TestTargetID = DD3FE58A2B9A0E9F007CA9DA;
					};
				};
			};
			buildConfigurationList = DD3FE5862B9A0E9F007CA9DA /* Build configuration list for PBXProject "VMMarkTask" */;
			compatibilityVersion = "Xcode 14.0";
			developmentRegion = en;
			hasScannedForEncodings = 0;
			knownRegions = (
				en,
				Base,
			);
			mainGroup = DD3FE5822B9A0E9F007CA9DA;
			productRefGroup = DD3FE58C2B9A0E9F007CA9DA /* Products */;
			projectDirPath = "";
			projectRoot = "";
			targets = (
				DD3FE58A2B9A0E9F007CA9DA /* VMMarkTask */,
				DD3FE59F2B9A0EA1007CA9DA /* VMMarkTaskTests */,
				DD3FE5A92B9A0EA1007CA9DA /* VMMarkTaskUITests */,
			);
		};
/* End PBXProject section */

/* Begin PBXResourcesBuildPhase section */
		DD3FE5892B9A0E9F007CA9DA /* Resources */ = {
			isa = PBXResourcesBuildPhase;
			buildActionMask = 2147483647;
			files = (
				DD3FE5962B9A0EA1007CA9DA /* Preview Assets.xcassets in Resources */,
				DD3FE5932B9A0EA1007CA9DA /* Assets.xcassets in Resources */,
			);
			runOnlyForDeploymentPostprocessing = 0;
		};
		DD3FE59E2B9A0EA1007CA9DA /* Resources */ = {
			isa = PBXResourcesBuildPhase;
			buildActionMask = 2147483647;
			files = (
			);
			runOnlyForDeploymentPostprocessing = 0;
		};
		DD3FE5A82B9A0EA1007CA9DA /* Resources */ = {
			isa = PBXResourcesBuildPhase;
			buildActionMask = 2147483647;
			files = (
			);
			runOnlyForDeploymentPostprocessing = 0;
		};
/* End PBXResourcesBuildPhase section */

/* Begin PBXSourcesBuildPhase section */
		DD3FE5872B9A0E9F007CA9DA /* Sources */ = {
			isa = PBXSourcesBuildPhase;
			buildActionMask = 2147483647;
			files = (
				DD3FE5CD2B9A129C007CA9DA /* NetworkDataService.swift in Sources */,
				DD3FE59B2B9A0EA1007CA9DA /* VMMarkTask.xcdatamodeld in Sources */,
				DDB23AF12BA0B1A4004F75D0 /* CircularView.swift in Sources */,
				DD3FE5982B9A0EA1007CA9DA /* Persistence.swift in Sources */,
				DDB23AEB2BA09FBC004F75D0 /* AlertView.swift in Sources */,
				DDB23AE92BA09C29004F75D0 /* ProgressLoader.swift in Sources */,
				DD2F7C262B9E29B400F5701D /* RoomsListViewModel.swift in Sources */,
				DD3FE5C32B9A0F2C007CA9DA /* Room.swift in Sources */,
				DD2F857D2B9F0F8D00F5701D /* RoomsView.swift in Sources */,
				DD3FE5912B9A0E9F007CA9DA /* ContentView.swift in Sources */,
				DD2F7C222B9DFB6B00F5701D /* ContactsListViewModel.swift in Sources */,
				DD2F85832B9F416700F5701D /* ImageProvider.swift in Sources */,
				DDB23AE32BA08165004F75D0 /* ImageCache.swift in Sources */,
				DD2F85762B9EF58600F5701D /* ProfileImageView.swift in Sources */,
				DD2F7C292B9EDD8D00F5701D /* Extensions.swift in Sources */,
				DD3FE5C92B9A11A7007CA9DA /* Constants.swift in Sources */,
				DD2F857F2B9F11F700F5701D /* PersonDetailsView.swift in Sources */,
				DD3FE5C02B9A0F02007CA9DA /* People.swift in Sources */,
				DD2F857B2B9F0F8000F5701D /* PeopleView.swift in Sources */,
				DD3FE58F2B9A0E9F007CA9DA /* VMMarkTaskApp.swift in Sources */,
				DDB23AE52BA08A13004F75D0 /* ErrorHandler.swift in Sources */,
				DD3FE5CB2B9A11D9007CA9DA /* APIEndPoint.swift in Sources */,
			);
			runOnlyForDeploymentPostprocessing = 0;
		};
		DD3FE59C2B9A0EA1007CA9DA /* Sources */ = {
			isa = PBXSourcesBuildPhase;
			buildActionMask = 2147483647;
			files = (
				DD3FE5A52B9A0EA1007CA9DA /* VMMarkTaskTests.swift in Sources */,
			);
			runOnlyForDeploymentPostprocessing = 0;
		};
		DD3FE5A62B9A0EA1007CA9DA /* Sources */ = {
			isa = PBXSourcesBuildPhase;
			buildActionMask = 2147483647;
			files = (
				DD3FE5AF2B9A0EA1007CA9DA /* VMMarkTaskUITests.swift in Sources */,
				DD3FE5B12B9A0EA1007CA9DA /* VMMarkTaskUITestsLaunchTests.swift in Sources */,
			);
			runOnlyForDeploymentPostprocessing = 0;
		};
/* End PBXSourcesBuildPhase section */

/* Begin PBXTargetDependency section */
		DD3FE5A22B9A0EA1007CA9DA /* PBXTargetDependency */ = {
			isa = PBXTargetDependency;
			target = DD3FE58A2B9A0E9F007CA9DA /* VMMarkTask */;
			targetProxy = DD3FE5A12B9A0EA1007CA9DA /* PBXContainerItemProxy */;
		};
		DD3FE5AC2B9A0EA1007CA9DA /* PBXTargetDependency */ = {
			isa = PBXTargetDependency;
			target = DD3FE58A2B9A0E9F007CA9DA /* VMMarkTask */;
			targetProxy = DD3FE5AB2B9A0EA1007CA9DA /* PBXContainerItemProxy */;
		};
/* End PBXTargetDependency section */

/* Begin XCBuildConfiguration section */
		DD3FE5B22B9A0EA1007CA9DA /* Debug */ = {
			isa = XCBuildConfiguration;
			buildSettings = {
				ALWAYS_SEARCH_USER_PATHS = NO;
				ASSETCATALOG_COMPILER_GENERATE_SWIFT_ASSET_SYMBOL_EXTENSIONS = YES;
				CLANG_ANALYZER_NONNULL = YES;
				CLANG_ANALYZER_NUMBER_OBJECT_CONVERSION = YES_AGGRESSIVE;
				CLANG_CXX_LANGUAGE_STANDARD = "gnu++20";
				CLANG_ENABLE_MODULES = YES;
				CLANG_ENABLE_OBJC_ARC = YES;
				CLANG_ENABLE_OBJC_WEAK = YES;
				CLANG_WARN_BLOCK_CAPTURE_AUTORELEASING = YES;
				CLANG_WARN_BOOL_CONVERSION = YES;
				CLANG_WARN_COMMA = YES;
				CLANG_WARN_CONSTANT_CONVERSION = YES;
				CLANG_WARN_DEPRECATED_OBJC_IMPLEMENTATIONS = YES;
				CLANG_WARN_DIRECT_OBJC_ISA_USAGE = YES_ERROR;
				CLANG_WARN_DOCUMENTATION_COMMENTS = YES;
				CLANG_WARN_EMPTY_BODY = YES;
				CLANG_WARN_ENUM_CONVERSION = YES;
				CLANG_WARN_INFINITE_RECURSION = YES;
				CLANG_WARN_INT_CONVERSION = YES;
				CLANG_WARN_NON_LITERAL_NULL_CONVERSION = YES;
				CLANG_WARN_OBJC_IMPLICIT_RETAIN_SELF = YES;
				CLANG_WARN_OBJC_LITERAL_CONVERSION = YES;
				CLANG_WARN_OBJC_ROOT_CLASS = YES_ERROR;
				CLANG_WARN_QUOTED_INCLUDE_IN_FRAMEWORK_HEADER = YES;
				CLANG_WARN_RANGE_LOOP_ANALYSIS = YES;
				CLANG_WARN_STRICT_PROTOTYPES = YES;
				CLANG_WARN_SUSPICIOUS_MOVE = YES;
				CLANG_WARN_UNGUARDED_AVAILABILITY = YES_AGGRESSIVE;
				CLANG_WARN_UNREACHABLE_CODE = YES;
				CLANG_WARN__DUPLICATE_METHOD_MATCH = YES;
				COPY_PHASE_STRIP = NO;
				DEBUG_INFORMATION_FORMAT = dwarf;
				ENABLE_STRICT_OBJC_MSGSEND = YES;
				ENABLE_TESTABILITY = YES;
				ENABLE_USER_SCRIPT_SANDBOXING = YES;
				GCC_C_LANGUAGE_STANDARD = gnu17;
				GCC_DYNAMIC_NO_PIC = NO;
				GCC_NO_COMMON_BLOCKS = YES;
				GCC_OPTIMIZATION_LEVEL = 0;
				GCC_PREPROCESSOR_DEFINITIONS = (
					"DEBUG=1",
					"$(inherited)",
				);
				GCC_WARN_64_TO_32_BIT_CONVERSION = YES;
				GCC_WARN_ABOUT_RETURN_TYPE = YES_ERROR;
				GCC_WARN_UNDECLARED_SELECTOR = YES;
				GCC_WARN_UNINITIALIZED_AUTOS = YES_AGGRESSIVE;
				GCC_WARN_UNUSED_FUNCTION = YES;
				GCC_WARN_UNUSED_VARIABLE = YES;
				IPHONEOS_DEPLOYMENT_TARGET = 17.0;
				LOCALIZATION_PREFERS_STRING_CATALOGS = YES;
				MTL_ENABLE_DEBUG_INFO = INCLUDE_SOURCE;
				MTL_FAST_MATH = YES;
				ONLY_ACTIVE_ARCH = YES;
				SDKROOT = iphoneos;
				SWIFT_ACTIVE_COMPILATION_CONDITIONS = "DEBUG $(inherited)";
				SWIFT_OPTIMIZATION_LEVEL = "-Onone";
			};
			name = Debug;
		};
		DD3FE5B32B9A0EA1007CA9DA /* Release */ = {
			isa = XCBuildConfiguration;
			buildSettings = {
				ALWAYS_SEARCH_USER_PATHS = NO;
				ASSETCATALOG_COMPILER_GENERATE_SWIFT_ASSET_SYMBOL_EXTENSIONS = YES;
				CLANG_ANALYZER_NONNULL = YES;
				CLANG_ANALYZER_NUMBER_OBJECT_CONVERSION = YES_AGGRESSIVE;
				CLANG_CXX_LANGUAGE_STANDARD = "gnu++20";
				CLANG_ENABLE_MODULES = YES;
				CLANG_ENABLE_OBJC_ARC = YES;
				CLANG_ENABLE_OBJC_WEAK = YES;
				CLANG_WARN_BLOCK_CAPTURE_AUTORELEASING = YES;
				CLANG_WARN_BOOL_CONVERSION = YES;
				CLANG_WARN_COMMA = YES;
				CLANG_WARN_CONSTANT_CONVERSION = YES;
				CLANG_WARN_DEPRECATED_OBJC_IMPLEMENTATIONS = YES;
				CLANG_WARN_DIRECT_OBJC_ISA_USAGE = YES_ERROR;
				CLANG_WARN_DOCUMENTATION_COMMENTS = YES;
				CLANG_WARN_EMPTY_BODY = YES;
				CLANG_WARN_ENUM_CONVERSION = YES;
				CLANG_WARN_INFINITE_RECURSION = YES;
				CLANG_WARN_INT_CONVERSION = YES;
				CLANG_WARN_NON_LITERAL_NULL_CONVERSION = YES;
				CLANG_WARN_OBJC_IMPLICIT_RETAIN_SELF = YES;
				CLANG_WARN_OBJC_LITERAL_CONVERSION = YES;
				CLANG_WARN_OBJC_ROOT_CLASS = YES_ERROR;
				CLANG_WARN_QUOTED_INCLUDE_IN_FRAMEWORK_HEADER = YES;
				CLANG_WARN_RANGE_LOOP_ANALYSIS = YES;
				CLANG_WARN_STRICT_PROTOTYPES = YES;
				CLANG_WARN_SUSPICIOUS_MOVE = YES;
				CLANG_WARN_UNGUARDED_AVAILABILITY = YES_AGGRESSIVE;
				CLANG_WARN_UNREACHABLE_CODE = YES;
				CLANG_WARN__DUPLICATE_METHOD_MATCH = YES;
				COPY_PHASE_STRIP = NO;
				DEBUG_INFORMATION_FORMAT = "dwarf-with-dsym";
				ENABLE_NS_ASSERTIONS = NO;
				ENABLE_STRICT_OBJC_MSGSEND = YES;
				ENABLE_USER_SCRIPT_SANDBOXING = YES;
				GCC_C_LANGUAGE_STANDARD = gnu17;
				GCC_NO_COMMON_BLOCKS = YES;
				GCC_WARN_64_TO_32_BIT_CONVERSION = YES;
				GCC_WARN_ABOUT_RETURN_TYPE = YES_ERROR;
				GCC_WARN_UNDECLARED_SELECTOR = YES;
				GCC_WARN_UNINITIALIZED_AUTOS = YES_AGGRESSIVE;
				GCC_WARN_UNUSED_FUNCTION = YES;
				GCC_WARN_UNUSED_VARIABLE = YES;
				IPHONEOS_DEPLOYMENT_TARGET = 17.0;
				LOCALIZATION_PREFERS_STRING_CATALOGS = YES;
				MTL_ENABLE_DEBUG_INFO = NO;
				MTL_FAST_MATH = YES;
				SDKROOT = iphoneos;
				SWIFT_COMPILATION_MODE = wholemodule;
				VALIDATE_PRODUCT = YES;
			};
			name = Release;
		};
		DD3FE5B52B9A0EA1007CA9DA /* Debug */ = {
			isa = XCBuildConfiguration;
			buildSettings = {
				ASSETCATALOG_COMPILER_APPICON_NAME = AppIcon;
				ASSETCATALOG_COMPILER_GLOBAL_ACCENT_COLOR_NAME = AccentColor;
				CODE_SIGN_STYLE = Automatic;
				CURRENT_PROJECT_VERSION = 1;
				DEVELOPMENT_ASSET_PATHS = "\"VMMarkTask/Preview Content\"";
				ENABLE_PREVIEWS = YES;
				GENERATE_INFOPLIST_FILE = YES;
				INFOPLIST_KEY_UIApplicationSceneManifest_Generation = YES;
				INFOPLIST_KEY_UIApplicationSupportsIndirectInputEvents = YES;
				INFOPLIST_KEY_UILaunchScreen_Generation = YES;
				INFOPLIST_KEY_UISupportedInterfaceOrientations_iPad = "UIInterfaceOrientationPortrait UIInterfaceOrientationPortraitUpsideDown UIInterfaceOrientationLandscapeLeft UIInterfaceOrientationLandscapeRight";
				INFOPLIST_KEY_UISupportedInterfaceOrientations_iPhone = "UIInterfaceOrientationPortrait UIInterfaceOrientationLandscapeLeft UIInterfaceOrientationLandscapeRight";
				IPHONEOS_DEPLOYMENT_TARGET = 14.7;
				LD_RUNPATH_SEARCH_PATHS = (
					"$(inherited)",
					"@executable_path/Frameworks",
				);
				MARKETING_VERSION = 1.0;
				PRODUCT_BUNDLE_IDENTIFIER = com.raghvendrapacholi.VMMarkTask;
				PRODUCT_NAME = "$(TARGET_NAME)";
				SWIFT_EMIT_LOC_STRINGS = YES;
				SWIFT_VERSION = 5.0;
				TARGETED_DEVICE_FAMILY = "1,2";
			};
			name = Debug;
		};
		DD3FE5B62B9A0EA1007CA9DA /* Release */ = {
			isa = XCBuildConfiguration;
			buildSettings = {
				ASSETCATALOG_COMPILER_APPICON_NAME = AppIcon;
				ASSETCATALOG_COMPILER_GLOBAL_ACCENT_COLOR_NAME = AccentColor;
				CODE_SIGN_STYLE = Automatic;
				CURRENT_PROJECT_VERSION = 1;
				DEVELOPMENT_ASSET_PATHS = "\"VMMarkTask/Preview Content\"";
				ENABLE_PREVIEWS = YES;
				GENERATE_INFOPLIST_FILE = YES;
				INFOPLIST_KEY_UIApplicationSceneManifest_Generation = YES;
				INFOPLIST_KEY_UIApplicationSupportsIndirectInputEvents = YES;
				INFOPLIST_KEY_UILaunchScreen_Generation = YES;
				INFOPLIST_KEY_UISupportedInterfaceOrientations_iPad = "UIInterfaceOrientationPortrait UIInterfaceOrientationPortraitUpsideDown UIInterfaceOrientationLandscapeLeft UIInterfaceOrientationLandscapeRight";
				INFOPLIST_KEY_UISupportedInterfaceOrientations_iPhone = "UIInterfaceOrientationPortrait UIInterfaceOrientationLandscapeLeft UIInterfaceOrientationLandscapeRight";
				IPHONEOS_DEPLOYMENT_TARGET = 14.7;
				LD_RUNPATH_SEARCH_PATHS = (
					"$(inherited)",
					"@executable_path/Frameworks",
				);
				MARKETING_VERSION = 1.0;
				PRODUCT_BUNDLE_IDENTIFIER = com.raghvendrapacholi.VMMarkTask;
				PRODUCT_NAME = "$(TARGET_NAME)";
				SWIFT_EMIT_LOC_STRINGS = YES;
				SWIFT_VERSION = 5.0;
				TARGETED_DEVICE_FAMILY = "1,2";
			};
			name = Release;
		};
		DD3FE5B82B9A0EA1007CA9DA /* Debug */ = {
			isa = XCBuildConfiguration;
			buildSettings = {
				ALWAYS_EMBED_SWIFT_STANDARD_LIBRARIES = YES;
				BUNDLE_LOADER = "$(TEST_HOST)";
				CODE_SIGN_STYLE = Automatic;
				CURRENT_PROJECT_VERSION = 1;
				GENERATE_INFOPLIST_FILE = YES;
				IPHONEOS_DEPLOYMENT_TARGET = 17.0;
				MARKETING_VERSION = 1.0;
				PRODUCT_BUNDLE_IDENTIFIER = com.raghvendrapacholi.VMMarkTaskTests;
				PRODUCT_NAME = "$(TARGET_NAME)";
				SWIFT_EMIT_LOC_STRINGS = NO;
				SWIFT_VERSION = 5.0;
				TARGETED_DEVICE_FAMILY = "1,2";
				TEST_HOST = "$(BUILT_PRODUCTS_DIR)/VMMarkTask.app/$(BUNDLE_EXECUTABLE_FOLDER_PATH)/VMMarkTask";
			};
			name = Debug;
		};
		DD3FE5B92B9A0EA1007CA9DA /* Release */ = {
			isa = XCBuildConfiguration;
			buildSettings = {
				ALWAYS_EMBED_SWIFT_STANDARD_LIBRARIES = YES;
				BUNDLE_LOADER = "$(TEST_HOST)";
				CODE_SIGN_STYLE = Automatic;
				CURRENT_PROJECT_VERSION = 1;
				GENERATE_INFOPLIST_FILE = YES;
				IPHONEOS_DEPLOYMENT_TARGET = 17.0;
				MARKETING_VERSION = 1.0;
				PRODUCT_BUNDLE_IDENTIFIER = com.raghvendrapacholi.VMMarkTaskTests;
				PRODUCT_NAME = "$(TARGET_NAME)";
				SWIFT_EMIT_LOC_STRINGS = NO;
				SWIFT_VERSION = 5.0;
				TARGETED_DEVICE_FAMILY = "1,2";
				TEST_HOST = "$(BUILT_PRODUCTS_DIR)/VMMarkTask.app/$(BUNDLE_EXECUTABLE_FOLDER_PATH)/VMMarkTask";
			};
			name = Release;
		};
		DD3FE5BB2B9A0EA1007CA9DA /* Debug */ = {
			isa = XCBuildConfiguration;
			buildSettings = {
				ALWAYS_EMBED_SWIFT_STANDARD_LIBRARIES = YES;
				CODE_SIGN_STYLE = Automatic;
				CURRENT_PROJECT_VERSION = 1;
				GENERATE_INFOPLIST_FILE = YES;
				MARKETING_VERSION = 1.0;
				PRODUCT_BUNDLE_IDENTIFIER = com.raghvendrapacholi.VMMarkTaskUITests;
				PRODUCT_NAME = "$(TARGET_NAME)";
				SWIFT_EMIT_LOC_STRINGS = NO;
				SWIFT_VERSION = 5.0;
				TARGETED_DEVICE_FAMILY = "1,2";
				TEST_TARGET_NAME = VMMarkTask;
			};
			name = Debug;
		};
		DD3FE5BC2B9A0EA1007CA9DA /* Release */ = {
			isa = XCBuildConfiguration;
			buildSettings = {
				ALWAYS_EMBED_SWIFT_STANDARD_LIBRARIES = YES;
				CODE_SIGN_STYLE = Automatic;
				CURRENT_PROJECT_VERSION = 1;
				GENERATE_INFOPLIST_FILE = YES;
				MARKETING_VERSION = 1.0;
				PRODUCT_BUNDLE_IDENTIFIER = com.raghvendrapacholi.VMMarkTaskUITests;
				PRODUCT_NAME = "$(TARGET_NAME)";
				SWIFT_EMIT_LOC_STRINGS = NO;
				SWIFT_VERSION = 5.0;
				TARGETED_DEVICE_FAMILY = "1,2";
				TEST_TARGET_NAME = VMMarkTask;
			};
			name = Release;
		};
/* End XCBuildConfiguration section */

/* Begin XCConfigurationList section */
		DD3FE5862B9A0E9F007CA9DA /* Build configuration list for PBXProject "VMMarkTask" */ = {
			isa = XCConfigurationList;
			buildConfigurations = (
				DD3FE5B22B9A0EA1007CA9DA /* Debug */,
				DD3FE5B32B9A0EA1007CA9DA /* Release */,
			);
			defaultConfigurationIsVisible = 0;
			defaultConfigurationName = Release;
		};
		DD3FE5B42B9A0EA1007CA9DA /* Build configuration list for PBXNativeTarget "VMMarkTask" */ = {
			isa = XCConfigurationList;
			buildConfigurations = (
				DD3FE5B52B9A0EA1007CA9DA /* Debug */,
				DD3FE5B62B9A0EA1007CA9DA /* Release */,
			);
			defaultConfigurationIsVisible = 0;
			defaultConfigurationName = Release;
		};
		DD3FE5B72B9A0EA1007CA9DA /* Build configuration list for PBXNativeTarget "VMMarkTaskTests" */ = {
			isa = XCConfigurationList;
			buildConfigurations = (
				DD3FE5B82B9A0EA1007CA9DA /* Debug */,
				DD3FE5B92B9A0EA1007CA9DA /* Release */,
			);
			defaultConfigurationIsVisible = 0;
			defaultConfigurationName = Release;
		};
		DD3FE5BA2B9A0EA1007CA9DA /* Build configuration list for PBXNativeTarget "VMMarkTaskUITests" */ = {
			isa = XCConfigurationList;
			buildConfigurations = (
				DD3FE5BB2B9A0EA1007CA9DA /* Debug */,
				DD3FE5BC2B9A0EA1007CA9DA /* Release */,
			);
			defaultConfigurationIsVisible = 0;
			defaultConfigurationName = Release;
		};
/* End XCConfigurationList section */

/* Begin XCVersionGroup section */
		DD3FE5992B9A0EA1007CA9DA /* VMMarkTask.xcdatamodeld */ = {
			isa = XCVersionGroup;
			children = (
				DD3FE59A2B9A0EA1007CA9DA /* VMMarkTask.xcdatamodel */,
			);
			currentVersion = DD3FE59A2B9A0EA1007CA9DA /* VMMarkTask.xcdatamodel */;
			path = VMMarkTask.xcdatamodeld;
			sourceTree = "<group>";
			versionGroupType = wrapper.xcdatamodel;
		};
/* End XCVersionGroup section */
	};
	rootObject = DD3FE5832B9A0E9F007CA9DA /* Project object */;
}
